PODS:
  - Kingfisher (5.7.1)
  - SwiftLint (0.34.0)

DEPENDENCIES:
  - Kingfisher (~> 5.0)
  - SwiftLint (~> 0.34.0)

SPEC REPOS:
  https://github.com/cocoapods/specs.git:
    - Kingfisher
    - SwiftLint

SPEC CHECKSUMS:
  Kingfisher: 176d377ad339113c99ad4980cbae687f807e20fe
  SwiftLint: 79d48a17c6565dc286c37efb8322c7b450f95c67

PODFILE CHECKSUM: 635b698c7368c320df194db2fc1ea93ecc2504ea

COCOAPODS: 1.7.5
