// !$*UTF8*$!
{
	archiveVersion = 1;
	classes = {
	};
	objectVersion = 51;
	objects = {

/* Begin PBXBuildFile section */
		2E5CB7214B4A78251C20EA48 /* Pods_NetguruCollegeApp.framework in Frameworks */ = {isa = PBXBuildFile; fileRef = 5917DB1E95701B4EE6BDDCAF /* Pods_NetguruCollegeApp.framework */; };
		43AD9BA223114B7E008E74C9 /* APIService.swift in Sources */ = {isa = PBXBuildFile; fileRef = 43AD9BA123114B7E008E74C9 /* APIService.swift */; };
		45CC6AFF2311433300AB9D12 /* HomeViewModel.swift in Sources */ = {isa = PBXBuildFile; fileRef = 45CC6AFE2311433300AB9D12 /* HomeViewModel.swift */; };
		45CC6B0123114B3B00AB9D12 /* MovieCollectionViewCell.swift in Sources */ = {isa = PBXBuildFile; fileRef = 45CC6B0023114B3B00AB9D12 /* MovieCollectionViewCell.swift */; };
		45CC6B07231182CE00AB9D12 /* HomeViewController.swift in Sources */ = {isa = PBXBuildFile; fileRef = E814F7E72310714300788FA9 /* HomeViewController.swift */; };
		45CC6B11231278EC00AB9D12 /* DetailView.swift in Sources */ = {isa = PBXBuildFile; fileRef = 45CC6B10231278EC00AB9D12 /* DetailView.swift */; };
		45CC6B132312790800AB9D12 /* DetailView.xib in Resources */ = {isa = PBXBuildFile; fileRef = 45CC6B122312790800AB9D12 /* DetailView.xib */; };
		45CC6B152312802200AB9D12 /* DetailViewController.swift in Sources */ = {isa = PBXBuildFile; fileRef = 45CC6B142312802200AB9D12 /* DetailViewController.swift */; };
		45CC6B172312853000AB9D12 /* DetailViewModel.swift in Sources */ = {isa = PBXBuildFile; fileRef = 45CC6B162312853000AB9D12 /* DetailViewModel.swift */; };
		692FEDDC2311798400AEBE89 /* Movie.swift in Sources */ = {isa = PBXBuildFile; fileRef = 692FEDDB2311798400AEBE89 /* Movie.swift */; };
		692FEDDE231179B100AEBE89 /* APIRequests.swift in Sources */ = {isa = PBXBuildFile; fileRef = 692FEDDD231179B100AEBE89 /* APIRequests.swift */; };
		696FE498217635CB005C9FDD /* AppDelegate.swift in Sources */ = {isa = PBXBuildFile; fileRef = 696FE497217635CB005C9FDD /* AppDelegate.swift */; };
		696FE49D217635CB005C9FDD /* Main.storyboard in Resources */ = {isa = PBXBuildFile; fileRef = 696FE49B217635CB005C9FDD /* Main.storyboard */; };
		696FE49F217635D2005C9FDD /* Assets.xcassets in Resources */ = {isa = PBXBuildFile; fileRef = 696FE49E217635D2005C9FDD /* Assets.xcassets */; };
		696FE4A2217635D2005C9FDD /* LaunchScreen.storyboard in Resources */ = {isa = PBXBuildFile; fileRef = 696FE4A0217635D2005C9FDD /* LaunchScreen.storyboard */; };
		696FE4AD217635D2005C9FDD /* NetguruCollegeAppTests.swift in Sources */ = {isa = PBXBuildFile; fileRef = 696FE4AC217635D2005C9FDD /* NetguruCollegeAppTests.swift */; };
		932DFFA72312869D00C5D208 /* SearchViewModel.swift in Sources */ = {isa = PBXBuildFile; fileRef = 932DFFA62312869D00C5D208 /* SearchViewModel.swift */; };
		932DFFA923128A0100C5D208 /* AppDependencies.swift in Sources */ = {isa = PBXBuildFile; fileRef = 932DFFA823128A0100C5D208 /* AppDependencies.swift */; };
		93F8AAA3231277D0008940F5 /* SearchViewController.swift in Sources */ = {isa = PBXBuildFile; fileRef = 93F8AA9E231277CF008940F5 /* SearchViewController.swift */; };
		93F8AAA4231277D0008940F5 /* SearchView.swift in Sources */ = {isa = PBXBuildFile; fileRef = 93F8AA9F231277CF008940F5 /* SearchView.swift */; };
		93F8AAA5231277D0008940F5 /* SearchViewCell.swift in Sources */ = {isa = PBXBuildFile; fileRef = 93F8AAA0231277CF008940F5 /* SearchViewCell.swift */; };
		93F8AAA6231277D0008940F5 /* SearchView.xib in Resources */ = {isa = PBXBuildFile; fileRef = 93F8AAA1231277CF008940F5 /* SearchView.xib */; };
		93F8AAA7231277D0008940F5 /* SearchViewCell.xib in Resources */ = {isa = PBXBuildFile; fileRef = 93F8AAA2231277CF008940F5 /* SearchViewCell.xib */; };
		D7404BC7231141E400001B79 /* HomeFlowCoordinator.swift in Sources */ = {isa = PBXBuildFile; fileRef = D7404BC6231141E400001B79 /* HomeFlowCoordinator.swift */; };
		D7404BC9231141F100001B79 /* SearchFlowCoordinator.swift in Sources */ = {isa = PBXBuildFile; fileRef = D7404BC8231141F100001B79 /* SearchFlowCoordinator.swift */; };
		D7404BCB2311421600001B79 /* ProfileFlowCoordinator.swift in Sources */ = {isa = PBXBuildFile; fileRef = D7404BCA2311421600001B79 /* ProfileFlowCoordinator.swift */; };
		D78515DC231146D900042CEE /* ProfileViewController.swift in Sources */ = {isa = PBXBuildFile; fileRef = D78515DB231146D900042CEE /* ProfileViewController.swift */; };
		E814F7DD2310712B00788FA9 /* FlowCoordinator.swift in Sources */ = {isa = PBXBuildFile; fileRef = E814F7DC2310712B00788FA9 /* FlowCoordinator.swift */; };
		E814F7E22310713600788FA9 /* APIMethod.swift in Sources */ = {isa = PBXBuildFile; fileRef = E814F7DE2310713600788FA9 /* APIMethod.swift */; };
		E814F7E32310713600788FA9 /* APIClient.swift in Sources */ = {isa = PBXBuildFile; fileRef = E814F7DF2310713600788FA9 /* APIClient.swift */; };
		E814F7E42310713600788FA9 /* APIError.swift in Sources */ = {isa = PBXBuildFile; fileRef = E814F7E02310713600788FA9 /* APIError.swift */; };
		E814F7E52310713600788FA9 /* APIRequest.swift in Sources */ = {isa = PBXBuildFile; fileRef = E814F7E12310713600788FA9 /* APIRequest.swift */; };
		E814F7E92310714300788FA9 /* HomeViewController.swift in Sources */ = {isa = PBXBuildFile; fileRef = E814F7E72310714300788FA9 /* HomeViewController.swift */; };
		E814F7ED2310716000788FA9 /* HomeView.swift in Sources */ = {isa = PBXBuildFile; fileRef = E814F7EC2310716000788FA9 /* HomeView.swift */; };
		E814F7EF2310716700788FA9 /* HomeView.xib in Resources */ = {isa = PBXBuildFile; fileRef = E814F7EE2310716700788FA9 /* HomeView.xib */; };
		E814F7F52310719E00788FA9 /* AppFlowCoordinator.swift in Sources */ = {isa = PBXBuildFile; fileRef = E814F7F42310719D00788FA9 /* AppFlowCoordinator.swift */; };
/* End PBXBuildFile section */

/* Begin PBXContainerItemProxy section */
		696FE4A9217635D2005C9FDD /* PBXContainerItemProxy */ = {
			isa = PBXContainerItemProxy;
			containerPortal = 696FE48C217635CB005C9FDD /* Project object */;
			proxyType = 1;
			remoteGlobalIDString = 696FE493217635CB005C9FDD;
			remoteInfo = "ncc-ios";
		};
/* End PBXContainerItemProxy section */

/* Begin PBXFileReference section */
		43AD9BA123114B7E008E74C9 /* APIService.swift */ = {isa = PBXFileReference; lastKnownFileType = sourcecode.swift; path = APIService.swift; sourceTree = "<group>"; };
		45CC6AFE2311433300AB9D12 /* HomeViewModel.swift */ = {isa = PBXFileReference; lastKnownFileType = sourcecode.swift; path = HomeViewModel.swift; sourceTree = "<group>"; };
		45CC6B0023114B3B00AB9D12 /* MovieCollectionViewCell.swift */ = {isa = PBXFileReference; lastKnownFileType = sourcecode.swift; path = MovieCollectionViewCell.swift; sourceTree = "<group>"; };
		45CC6B10231278EC00AB9D12 /* DetailView.swift */ = {isa = PBXFileReference; lastKnownFileType = sourcecode.swift; path = DetailView.swift; sourceTree = "<group>"; };
		45CC6B122312790800AB9D12 /* DetailView.xib */ = {isa = PBXFileReference; lastKnownFileType = file.xib; path = DetailView.xib; sourceTree = "<group>"; };
		45CC6B142312802200AB9D12 /* DetailViewController.swift */ = {isa = PBXFileReference; lastKnownFileType = sourcecode.swift; path = DetailViewController.swift; sourceTree = "<group>"; };
		45CC6B162312853000AB9D12 /* DetailViewModel.swift */ = {isa = PBXFileReference; lastKnownFileType = sourcecode.swift; path = DetailViewModel.swift; sourceTree = "<group>"; };
		5917DB1E95701B4EE6BDDCAF /* Pods_NetguruCollegeApp.framework */ = {isa = PBXFileReference; explicitFileType = wrapper.framework; includeInIndex = 0; path = Pods_NetguruCollegeApp.framework; sourceTree = BUILT_PRODUCTS_DIR; };
		692FEDDB2311798400AEBE89 /* Movie.swift */ = {isa = PBXFileReference; lastKnownFileType = sourcecode.swift; path = Movie.swift; sourceTree = "<group>"; };
		692FEDDD231179B100AEBE89 /* APIRequests.swift */ = {isa = PBXFileReference; lastKnownFileType = sourcecode.swift; path = APIRequests.swift; sourceTree = "<group>"; };
		696FE494217635CB005C9FDD /* NetguruCollegeApp.app */ = {isa = PBXFileReference; explicitFileType = wrapper.application; includeInIndex = 0; path = NetguruCollegeApp.app; sourceTree = BUILT_PRODUCTS_DIR; };
		696FE497217635CB005C9FDD /* AppDelegate.swift */ = {isa = PBXFileReference; lastKnownFileType = sourcecode.swift; path = AppDelegate.swift; sourceTree = "<group>"; };
		696FE49C217635CB005C9FDD /* Base */ = {isa = PBXFileReference; lastKnownFileType = file.storyboard; name = Base; path = Base.lproj/Main.storyboard; sourceTree = "<group>"; };
		696FE49E217635D2005C9FDD /* Assets.xcassets */ = {isa = PBXFileReference; lastKnownFileType = folder.assetcatalog; path = Assets.xcassets; sourceTree = "<group>"; };
		696FE4A1217635D2005C9FDD /* Base */ = {isa = PBXFileReference; lastKnownFileType = file.storyboard; name = Base; path = Base.lproj/LaunchScreen.storyboard; sourceTree = "<group>"; };
		696FE4A3217635D2005C9FDD /* Info.plist */ = {isa = PBXFileReference; lastKnownFileType = text.plist.xml; path = Info.plist; sourceTree = "<group>"; };
		696FE4A8217635D2005C9FDD /* NetguruCollegeApp Tests.xctest */ = {isa = PBXFileReference; explicitFileType = wrapper.cfbundle; includeInIndex = 0; path = "NetguruCollegeApp Tests.xctest"; sourceTree = BUILT_PRODUCTS_DIR; };
		696FE4AC217635D2005C9FDD /* NetguruCollegeAppTests.swift */ = {isa = PBXFileReference; lastKnownFileType = sourcecode.swift; path = NetguruCollegeAppTests.swift; sourceTree = "<group>"; };
		696FE4AE217635D2005C9FDD /* Info.plist */ = {isa = PBXFileReference; lastKnownFileType = text.plist.xml; path = Info.plist; sourceTree = "<group>"; };
		70B9FAC81C5FF8A335FA5053 /* Pods-NetguruCollegeApp.debug.xcconfig */ = {isa = PBXFileReference; includeInIndex = 1; lastKnownFileType = text.xcconfig; name = "Pods-NetguruCollegeApp.debug.xcconfig"; path = "Target Support Files/Pods-NetguruCollegeApp/Pods-NetguruCollegeApp.debug.xcconfig"; sourceTree = "<group>"; };
		932DFFA62312869D00C5D208 /* SearchViewModel.swift */ = {isa = PBXFileReference; lastKnownFileType = sourcecode.swift; path = SearchViewModel.swift; sourceTree = "<group>"; };
		932DFFA823128A0100C5D208 /* AppDependencies.swift */ = {isa = PBXFileReference; lastKnownFileType = sourcecode.swift; path = AppDependencies.swift; sourceTree = "<group>"; };
		93F8AA9E231277CF008940F5 /* SearchViewController.swift */ = {isa = PBXFileReference; fileEncoding = 4; lastKnownFileType = sourcecode.swift; path = SearchViewController.swift; sourceTree = "<group>"; };
		93F8AA9F231277CF008940F5 /* SearchView.swift */ = {isa = PBXFileReference; fileEncoding = 4; lastKnownFileType = sourcecode.swift; path = SearchView.swift; sourceTree = "<group>"; };
		93F8AAA0231277CF008940F5 /* SearchViewCell.swift */ = {isa = PBXFileReference; fileEncoding = 4; lastKnownFileType = sourcecode.swift; path = SearchViewCell.swift; sourceTree = "<group>"; };
		93F8AAA1231277CF008940F5 /* SearchView.xib */ = {isa = PBXFileReference; fileEncoding = 4; lastKnownFileType = file.xib; path = SearchView.xib; sourceTree = "<group>"; };
		93F8AAA2231277CF008940F5 /* SearchViewCell.xib */ = {isa = PBXFileReference; fileEncoding = 4; lastKnownFileType = file.xib; path = SearchViewCell.xib; sourceTree = "<group>"; };
		B70CCCFD923A49BB70EE7D09 /* Pods-NetguruCollegeApp.release.xcconfig */ = {isa = PBXFileReference; includeInIndex = 1; lastKnownFileType = text.xcconfig; name = "Pods-NetguruCollegeApp.release.xcconfig"; path = "Target Support Files/Pods-NetguruCollegeApp/Pods-NetguruCollegeApp.release.xcconfig"; sourceTree = "<group>"; };
		D7404BC6231141E400001B79 /* HomeFlowCoordinator.swift */ = {isa = PBXFileReference; lastKnownFileType = sourcecode.swift; path = HomeFlowCoordinator.swift; sourceTree = "<group>"; };
		D7404BC8231141F100001B79 /* SearchFlowCoordinator.swift */ = {isa = PBXFileReference; lastKnownFileType = sourcecode.swift; path = SearchFlowCoordinator.swift; sourceTree = "<group>"; };
		D7404BCA2311421600001B79 /* ProfileFlowCoordinator.swift */ = {isa = PBXFileReference; lastKnownFileType = sourcecode.swift; path = ProfileFlowCoordinator.swift; sourceTree = "<group>"; };
		D78515DB231146D900042CEE /* ProfileViewController.swift */ = {isa = PBXFileReference; lastKnownFileType = sourcecode.swift; path = ProfileViewController.swift; sourceTree = "<group>"; };
		E814F7DC2310712B00788FA9 /* FlowCoordinator.swift */ = {isa = PBXFileReference; fileEncoding = 4; lastKnownFileType = sourcecode.swift; path = FlowCoordinator.swift; sourceTree = "<group>"; };
		E814F7DE2310713600788FA9 /* APIMethod.swift */ = {isa = PBXFileReference; fileEncoding = 4; lastKnownFileType = sourcecode.swift; path = APIMethod.swift; sourceTree = "<group>"; };
		E814F7DF2310713600788FA9 /* APIClient.swift */ = {isa = PBXFileReference; fileEncoding = 4; lastKnownFileType = sourcecode.swift; path = APIClient.swift; sourceTree = "<group>"; };
		E814F7E02310713600788FA9 /* APIError.swift */ = {isa = PBXFileReference; fileEncoding = 4; lastKnownFileType = sourcecode.swift; path = APIError.swift; sourceTree = "<group>"; };
		E814F7E12310713600788FA9 /* APIRequest.swift */ = {isa = PBXFileReference; fileEncoding = 4; lastKnownFileType = sourcecode.swift; path = APIRequest.swift; sourceTree = "<group>"; };
		E814F7E72310714300788FA9 /* HomeViewController.swift */ = {isa = PBXFileReference; fileEncoding = 4; lastKnownFileType = sourcecode.swift; path = HomeViewController.swift; sourceTree = "<group>"; };
		E814F7EC2310716000788FA9 /* HomeView.swift */ = {isa = PBXFileReference; fileEncoding = 4; lastKnownFileType = sourcecode.swift; path = HomeView.swift; sourceTree = "<group>"; };
		E814F7EE2310716700788FA9 /* HomeView.xib */ = {isa = PBXFileReference; fileEncoding = 4; lastKnownFileType = file.xib; path = HomeView.xib; sourceTree = "<group>"; };
		E814F7F42310719D00788FA9 /* AppFlowCoordinator.swift */ = {isa = PBXFileReference; fileEncoding = 4; lastKnownFileType = sourcecode.swift; path = AppFlowCoordinator.swift; sourceTree = "<group>"; };
/* End PBXFileReference section */

/* Begin PBXFrameworksBuildPhase section */
		696FE491217635CB005C9FDD /* Frameworks */ = {
			isa = PBXFrameworksBuildPhase;
			buildActionMask = 2147483647;
			files = (
				2E5CB7214B4A78251C20EA48 /* Pods_NetguruCollegeApp.framework in Frameworks */,
			);
			runOnlyForDeploymentPostprocessing = 0;
		};
		696FE4A5217635D2005C9FDD /* Frameworks */ = {
			isa = PBXFrameworksBuildPhase;
			buildActionMask = 2147483647;
			files = (
			);
			runOnlyForDeploymentPostprocessing = 0;
		};
/* End PBXFrameworksBuildPhase section */

/* Begin PBXGroup section */
		43AD9BA023114B3C008E74C9 /* FetchAPI */ = {
			isa = PBXGroup;
			children = (
			);
			path = FetchAPI;
			sourceTree = "<group>";
		};
		45CC6B0F231278C400AB9D12 /* Detail */ = {
			isa = PBXGroup;
			children = (
				45CC6B10231278EC00AB9D12 /* DetailView.swift */,
				45CC6B122312790800AB9D12 /* DetailView.xib */,
				45CC6B142312802200AB9D12 /* DetailViewController.swift */,
				45CC6B162312853000AB9D12 /* DetailViewModel.swift */,
			);
			path = Detail;
			sourceTree = "<group>";
		};
		4EF6845F21E6435400DA50FC /* Services */ = {
			isa = PBXGroup;
			children = (
				43AD9BA023114B3C008E74C9 /* FetchAPI */,
				4EF6846021E6438300DA50FC /* Networking */,
			);
			path = Services;
			sourceTree = "<group>";
		};
		4EF6846021E6438300DA50FC /* Networking */ = {
			isa = PBXGroup;
			children = (
				43AD9BA123114B7E008E74C9 /* APIService.swift */,
				692FEDDD231179B100AEBE89 /* APIRequests.swift */,
				E814F7DF2310713600788FA9 /* APIClient.swift */,
				E814F7E02310713600788FA9 /* APIError.swift */,
				E814F7DE2310713600788FA9 /* APIMethod.swift */,
				E814F7E12310713600788FA9 /* APIRequest.swift */,
			);
			path = Networking;
			sourceTree = "<group>";
		};
		5EC86D1AC6F92BE513E78EC0 /* Pods */ = {
			isa = PBXGroup;
			children = (
				70B9FAC81C5FF8A335FA5053 /* Pods-NetguruCollegeApp.debug.xcconfig */,
				B70CCCFD923A49BB70EE7D09 /* Pods-NetguruCollegeApp.release.xcconfig */,
			);
			path = Pods;
			sourceTree = "<group>";
		};
		692FEDDA2311797900AEBE89 /* Models */ = {
			isa = PBXGroup;
			children = (
				692FEDDB2311798400AEBE89 /* Movie.swift */,
			);
			path = Models;
			sourceTree = "<group>";
		};
		696FE48B217635CB005C9FDD = {
			isa = PBXGroup;
			children = (
				696FE4B7217637B5005C9FDD /* Project */,
				696FE4BE2176387E005C9FDD /* Supporting files */,
				696FE4AB217635D2005C9FDD /* Unit Tests */,
				696FE495217635CB005C9FDD /* Products */,
				5EC86D1AC6F92BE513E78EC0 /* Pods */,
				D78ED9CC3C02DDC356B00910 /* Frameworks */,
			);
			sourceTree = "<group>";
		};
		696FE495217635CB005C9FDD /* Products */ = {
			isa = PBXGroup;
			children = (
				696FE494217635CB005C9FDD /* NetguruCollegeApp.app */,
				696FE4A8217635D2005C9FDD /* NetguruCollegeApp Tests.xctest */,
			);
			name = Products;
			sourceTree = "<group>";
		};
		696FE4AB217635D2005C9FDD /* Unit Tests */ = {
			isa = PBXGroup;
			children = (
				696FE4AC217635D2005C9FDD /* NetguruCollegeAppTests.swift */,
				696FE4AE217635D2005C9FDD /* Info.plist */,
			);
			path = "Unit Tests";
			sourceTree = "<group>";
		};
		696FE4B7217637B5005C9FDD /* Project */ = {
			isa = PBXGroup;
			children = (
				696FE4BF217638AD005C9FDD /* Application */,
				696FE4B8217637C7005C9FDD /* Source Files */,
				696FE4BC217637FB005C9FDD /* Interfaces */,
				696FE4BD21763812005C9FDD /* Resources */,
			);
			path = Project;
			sourceTree = "<group>";
		};
		696FE4B8217637C7005C9FDD /* Source Files */ = {
			isa = PBXGroup;
			children = (
				692FEDDA2311797900AEBE89 /* Models */,
				D7404BC5231141D200001B79 /* FlowCoordinators */,
				E814F7DB2310712200788FA9 /* Base classes */,
				4EF6845F21E6435400DA50FC /* Services */,
				696FE4B9217637D5005C9FDD /* Screens */,
			);
			path = "Source Files";
			sourceTree = "<group>";
		};
		696FE4B9217637D5005C9FDD /* Screens */ = {
			isa = PBXGroup;
			children = (
				45CC6B0F231278C400AB9D12 /* Detail */,
				93F8AA9D231277A6008940F5 /* Search */,
				D78515D6231144B600042CEE /* Controllers */,
				E814F7EA2310714500788FA9 /* Home */,
			);
			path = Screens;
			sourceTree = "<group>";
		};
		696FE4BC217637FB005C9FDD /* Interfaces */ = {
			isa = PBXGroup;
			children = (
				696FE4A0217635D2005C9FDD /* LaunchScreen.storyboard */,
				696FE49B217635CB005C9FDD /* Main.storyboard */,
			);
			path = Interfaces;
			sourceTree = "<group>";
		};
		696FE4BD21763812005C9FDD /* Resources */ = {
			isa = PBXGroup;
			children = (
				696FE49E217635D2005C9FDD /* Assets.xcassets */,
			);
			path = Resources;
			sourceTree = "<group>";
		};
		696FE4BE2176387E005C9FDD /* Supporting files */ = {
			isa = PBXGroup;
			children = (
				696FE4A3217635D2005C9FDD /* Info.plist */,
			);
			path = "Supporting files";
			sourceTree = "<group>";
		};
		696FE4BF217638AD005C9FDD /* Application */ = {
			isa = PBXGroup;
			children = (
				696FE497217635CB005C9FDD /* AppDelegate.swift */,
				E814F7F42310719D00788FA9 /* AppFlowCoordinator.swift */,
				932DFFA823128A0100C5D208 /* AppDependencies.swift */,
			);
			path = Application;
			sourceTree = "<group>";
		};
		93F8AA9D231277A6008940F5 /* Search */ = {
			isa = PBXGroup;
			children = (
				93F8AA9F231277CF008940F5 /* SearchView.swift */,
				93F8AAA1231277CF008940F5 /* SearchView.xib */,
				93F8AAA0231277CF008940F5 /* SearchViewCell.swift */,
				93F8AAA2231277CF008940F5 /* SearchViewCell.xib */,
				93F8AA9E231277CF008940F5 /* SearchViewController.swift */,
				932DFFA62312869D00C5D208 /* SearchViewModel.swift */,
			);
			path = Search;
			sourceTree = "<group>";
		};
		D7404BC5231141D200001B79 /* FlowCoordinators */ = {
			isa = PBXGroup;
			children = (
				D7404BC6231141E400001B79 /* HomeFlowCoordinator.swift */,
				D7404BC8231141F100001B79 /* SearchFlowCoordinator.swift */,
				D7404BCA2311421600001B79 /* ProfileFlowCoordinator.swift */,
			);
			path = FlowCoordinators;
			sourceTree = "<group>";
		};
		D78515D6231144B600042CEE /* Controllers */ = {
			isa = PBXGroup;
			children = (
				D78515DB231146D900042CEE /* ProfileViewController.swift */,
			);
			path = Controllers;
			sourceTree = "<group>";
		};
		D78ED9CC3C02DDC356B00910 /* Frameworks */ = {
			isa = PBXGroup;
			children = (
				5917DB1E95701B4EE6BDDCAF /* Pods_NetguruCollegeApp.framework */,
			);
			name = Frameworks;
			sourceTree = "<group>";
		};
		E814F7DB2310712200788FA9 /* Base classes */ = {
			isa = PBXGroup;
			children = (
				E814F7DC2310712B00788FA9 /* FlowCoordinator.swift */,
			);
			path = "Base classes";
			sourceTree = "<group>";
		};
		E814F7EA2310714500788FA9 /* Home */ = {
			isa = PBXGroup;
			children = (
				E814F7E72310714300788FA9 /* HomeViewController.swift */,
				45CC6AFE2311433300AB9D12 /* HomeViewModel.swift */,
				E814F7EC2310716000788FA9 /* HomeView.swift */,
				E814F7EE2310716700788FA9 /* HomeView.xib */,
				45CC6B0023114B3B00AB9D12 /* MovieCollectionViewCell.swift */,
			);
			path = Home;
			sourceTree = "<group>";
		};
/* End PBXGroup section */

/* Begin PBXNativeTarget section */
		696FE493217635CB005C9FDD /* NetguruCollegeApp */ = {
			isa = PBXNativeTarget;
			buildConfigurationList = 696FE4B1217635D2005C9FDD /* Build configuration list for PBXNativeTarget "NetguruCollegeApp" */;
			buildPhases = (
				9DA1A4651AAA7DE86DDDE3DA /* [CP] Check Pods Manifest.lock */,
				696FE490217635CB005C9FDD /* Sources */,
				696FE491217635CB005C9FDD /* Frameworks */,
				696FE492217635CB005C9FDD /* Resources */,
				3DE7D3AAE2FCC2DEA26006A2 /* [CP] Embed Pods Frameworks */,
			);
			buildRules = (
			);
			dependencies = (
			);
			name = NetguruCollegeApp;
			productName = "ncc-ios";
			productReference = 696FE494217635CB005C9FDD /* NetguruCollegeApp.app */;
			productType = "com.apple.product-type.application";
		};
		696FE4A7217635D2005C9FDD /* NetguruCollegeAppTests */ = {
			isa = PBXNativeTarget;
			buildConfigurationList = 696FE4B4217635D2005C9FDD /* Build configuration list for PBXNativeTarget "NetguruCollegeAppTests" */;
			buildPhases = (
				696FE4A4217635D2005C9FDD /* Sources */,
				696FE4A5217635D2005C9FDD /* Frameworks */,
				696FE4A6217635D2005C9FDD /* Resources */,
			);
			buildRules = (
			);
			dependencies = (
				696FE4AA217635D2005C9FDD /* PBXTargetDependency */,
			);
			name = NetguruCollegeAppTests;
			productName = "ncc-iosTests";
			productReference = 696FE4A8217635D2005C9FDD /* NetguruCollegeApp Tests.xctest */;
			productType = "com.apple.product-type.bundle.unit-test";
		};
/* End PBXNativeTarget section */

/* Begin PBXProject section */
		696FE48C217635CB005C9FDD /* Project object */ = {
			isa = PBXProject;
			attributes = {
				LastSwiftUpdateCheck = 1000;
				LastUpgradeCheck = 1020;
				ORGANIZATIONNAME = Netguru;
				TargetAttributes = {
					696FE493217635CB005C9FDD = {
						CreatedOnToolsVersion = 10.0;
					};
					696FE4A7217635D2005C9FDD = {
						CreatedOnToolsVersion = 10.0;
						TestTargetID = 696FE493217635CB005C9FDD;
					};
				};
			};
			buildConfigurationList = 696FE48F217635CB005C9FDD /* Build configuration list for PBXProject "NetguruCollegeApp" */;
			compatibilityVersion = "Xcode 9.3";
			developmentRegion = en;
			hasScannedForEncodings = 0;
			knownRegions = (
				en,
				Base,
			);
			mainGroup = 696FE48B217635CB005C9FDD;
			productRefGroup = 696FE495217635CB005C9FDD /* Products */;
			projectDirPath = "";
			projectRoot = "";
			targets = (
				696FE493217635CB005C9FDD /* NetguruCollegeApp */,
				696FE4A7217635D2005C9FDD /* NetguruCollegeAppTests */,
			);
		};
/* End PBXProject section */

/* Begin PBXResourcesBuildPhase section */
		696FE492217635CB005C9FDD /* Resources */ = {
			isa = PBXResourcesBuildPhase;
			buildActionMask = 2147483647;
			files = (
				696FE4A2217635D2005C9FDD /* LaunchScreen.storyboard in Resources */,
				93F8AAA7231277D0008940F5 /* SearchViewCell.xib in Resources */,
				93F8AAA6231277D0008940F5 /* SearchView.xib in Resources */,
				696FE49F217635D2005C9FDD /* Assets.xcassets in Resources */,
				45CC6B132312790800AB9D12 /* DetailView.xib in Resources */,
				E814F7EF2310716700788FA9 /* HomeView.xib in Resources */,
				696FE49D217635CB005C9FDD /* Main.storyboard in Resources */,
			);
			runOnlyForDeploymentPostprocessing = 0;
		};
		696FE4A6217635D2005C9FDD /* Resources */ = {
			isa = PBXResourcesBuildPhase;
			buildActionMask = 2147483647;
			files = (
			);
			runOnlyForDeploymentPostprocessing = 0;
		};
/* End PBXResourcesBuildPhase section */

/* Begin PBXShellScriptBuildPhase section */
		3DE7D3AAE2FCC2DEA26006A2 /* [CP] Embed Pods Frameworks */ = {
			isa = PBXShellScriptBuildPhase;
			buildActionMask = 2147483647;
			files = (
			);
			inputFileListPaths = (
				"${PODS_ROOT}/Target Support Files/Pods-NetguruCollegeApp/Pods-NetguruCollegeApp-frameworks-${CONFIGURATION}-input-files.xcfilelist",
			);
			name = "[CP] Embed Pods Frameworks";
			outputFileListPaths = (
				"${PODS_ROOT}/Target Support Files/Pods-NetguruCollegeApp/Pods-NetguruCollegeApp-frameworks-${CONFIGURATION}-output-files.xcfilelist",
			);
			runOnlyForDeploymentPostprocessing = 0;
			shellPath = /bin/sh;
			shellScript = "\"${PODS_ROOT}/Target Support Files/Pods-NetguruCollegeApp/Pods-NetguruCollegeApp-frameworks.sh\"\n";
			showEnvVarsInLog = 0;
		};
		9DA1A4651AAA7DE86DDDE3DA /* [CP] Check Pods Manifest.lock */ = {
			isa = PBXShellScriptBuildPhase;
			buildActionMask = 2147483647;
			files = (
			);
			inputFileListPaths = (
			);
			inputPaths = (
				"${PODS_PODFILE_DIR_PATH}/Podfile.lock",
				"${PODS_ROOT}/Manifest.lock",
			);
			name = "[CP] Check Pods Manifest.lock";
			outputFileListPaths = (
			);
			outputPaths = (
				"$(DERIVED_FILE_DIR)/Pods-NetguruCollegeApp-checkManifestLockResult.txt",
			);
			runOnlyForDeploymentPostprocessing = 0;
			shellPath = /bin/sh;
			shellScript = "diff \"${PODS_PODFILE_DIR_PATH}/Podfile.lock\" \"${PODS_ROOT}/Manifest.lock\" > /dev/null\nif [ $? != 0 ] ; then\n    # print error to STDERR\n    echo \"error: The sandbox is not in sync with the Podfile.lock. Run 'pod install' or update your CocoaPods installation.\" >&2\n    exit 1\nfi\n# This output is used by Xcode 'outputs' to avoid re-running this script phase.\necho \"SUCCESS\" > \"${SCRIPT_OUTPUT_FILE_0}\"\n";
			showEnvVarsInLog = 0;
		};
/* End PBXShellScriptBuildPhase section */

/* Begin PBXSourcesBuildPhase section */
		696FE490217635CB005C9FDD /* Sources */ = {
			isa = PBXSourcesBuildPhase;
			buildActionMask = 2147483647;
			files = (
				45CC6B152312802200AB9D12 /* DetailViewController.swift in Sources */,
				45CC6B07231182CE00AB9D12 /* HomeViewController.swift in Sources */,
				692FEDDE231179B100AEBE89 /* APIRequests.swift in Sources */,
				E814F7DD2310712B00788FA9 /* FlowCoordinator.swift in Sources */,
				45CC6B0123114B3B00AB9D12 /* MovieCollectionViewCell.swift in Sources */,
				696FE498217635CB005C9FDD /* AppDelegate.swift in Sources */,
				45CC6B11231278EC00AB9D12 /* DetailView.swift in Sources */,
				E814F7E22310713600788FA9 /* APIMethod.swift in Sources */,
				932DFFA923128A0100C5D208 /* AppDependencies.swift in Sources */,
				E814F7E42310713600788FA9 /* APIError.swift in Sources */,
				E814F7E92310714300788FA9 /* HomeViewController.swift in Sources */,
				D7404BC9231141F100001B79 /* SearchFlowCoordinator.swift in Sources */,
				D78515DC231146D900042CEE /* ProfileViewController.swift in Sources */,
				D7404BC7231141E400001B79 /* HomeFlowCoordinator.swift in Sources */,
				93F8AAA5231277D0008940F5 /* SearchViewCell.swift in Sources */,
				43AD9BA223114B7E008E74C9 /* APIService.swift in Sources */,
				D7404BC9231141F100001B79 /* SearchFlowCoordinator.swift in Sources */,
				D78515DC231146D900042CEE /* ProfileViewController.swift in Sources */,
				93F8AAA4231277D0008940F5 /* SearchView.swift in Sources */,
				D7404BC7231141E400001B79 /* HomeFlowCoordinator.swift in Sources */,
				692FEDDC2311798400AEBE89 /* Movie.swift in Sources */,
				E814F7E52310713600788FA9 /* APIRequest.swift in Sources */,
				45CC6B172312853000AB9D12 /* DetailViewModel.swift in Sources */,
				932DFFA72312869D00C5D208 /* SearchViewModel.swift in Sources */,
				45CC6AFF2311433300AB9D12 /* HomeViewModel.swift in Sources */,
				E814F7E32310713600788FA9 /* APIClient.swift in Sources */,
				93F8AAA3231277D0008940F5 /* SearchViewController.swift in Sources */,
				E814F7F52310719E00788FA9 /* AppFlowCoordinator.swift in Sources */,
				E814F7ED2310716000788FA9 /* HomeView.swift in Sources */,
				D7404BCB2311421600001B79 /* ProfileFlowCoordinator.swift in Sources */,
				E814F7ED2310716000788FA9 /* HomeView.swift in Sources */,
			);
			runOnlyForDeploymentPostprocessing = 0;
		};
		696FE4A4217635D2005C9FDD /* Sources */ = {
			isa = PBXSourcesBuildPhase;
			buildActionMask = 2147483647;
			files = (
				696FE4AD217635D2005C9FDD /* NetguruCollegeAppTests.swift in Sources */,
			);
			runOnlyForDeploymentPostprocessing = 0;
		};
/* End PBXSourcesBuildPhase section */

/* Begin PBXTargetDependency section */
		696FE4AA217635D2005C9FDD /* PBXTargetDependency */ = {
			isa = PBXTargetDependency;
			target = 696FE493217635CB005C9FDD /* NetguruCollegeApp */;
			targetProxy = 696FE4A9217635D2005C9FDD /* PBXContainerItemProxy */;
		};
/* End PBXTargetDependency section */

/* Begin PBXVariantGroup section */
		696FE49B217635CB005C9FDD /* Main.storyboard */ = {
			isa = PBXVariantGroup;
			children = (
				696FE49C217635CB005C9FDD /* Base */,
			);
			name = Main.storyboard;
			sourceTree = "<group>";
		};
		696FE4A0217635D2005C9FDD /* LaunchScreen.storyboard */ = {
			isa = PBXVariantGroup;
			children = (
				696FE4A1217635D2005C9FDD /* Base */,
			);
			name = LaunchScreen.storyboard;
			sourceTree = "<group>";
		};
/* End PBXVariantGroup section */

/* Begin XCBuildConfiguration section */
		696FE4AF217635D2005C9FDD /* Debug */ = {
			isa = XCBuildConfiguration;
			buildSettings = {
				CLANG_WARN_BLOCK_CAPTURE_AUTORELEASING = YES;
				CLANG_WARN_BOOL_CONVERSION = YES;
				CLANG_WARN_COMMA = YES;
				CLANG_WARN_CONSTANT_CONVERSION = YES;
				CLANG_WARN_DEPRECATED_OBJC_IMPLEMENTATIONS = YES;
				CLANG_WARN_EMPTY_BODY = YES;
				CLANG_WARN_ENUM_CONVERSION = YES;
				CLANG_WARN_INFINITE_RECURSION = YES;
				CLANG_WARN_INT_CONVERSION = YES;
				CLANG_WARN_NON_LITERAL_NULL_CONVERSION = YES;
				CLANG_WARN_OBJC_IMPLICIT_RETAIN_SELF = YES;
				CLANG_WARN_OBJC_LITERAL_CONVERSION = YES;
				CLANG_WARN_RANGE_LOOP_ANALYSIS = YES;
				CLANG_WARN_STRICT_PROTOTYPES = YES;
				CLANG_WARN_SUSPICIOUS_MOVE = YES;
				CLANG_WARN_UNREACHABLE_CODE = YES;
				CLANG_WARN__DUPLICATE_METHOD_MATCH = YES;
				ENABLE_STRICT_OBJC_MSGSEND = YES;
				ENABLE_TESTABILITY = YES;
				GCC_NO_COMMON_BLOCKS = YES;
				GCC_WARN_64_TO_32_BIT_CONVERSION = YES;
				GCC_WARN_ABOUT_RETURN_TYPE = YES;
				GCC_WARN_UNDECLARED_SELECTOR = YES;
				GCC_WARN_UNINITIALIZED_AUTOS = YES;
				GCC_WARN_UNUSED_FUNCTION = YES;
				GCC_WARN_UNUSED_VARIABLE = YES;
				IPHONEOS_DEPLOYMENT_TARGET = 12.2;
				ONLY_ACTIVE_ARCH = YES;
				SDKROOT = iphoneos;
			};
			name = Debug;
		};
		696FE4B0217635D2005C9FDD /* Release */ = {
			isa = XCBuildConfiguration;
			buildSettings = {
				CLANG_WARN_BLOCK_CAPTURE_AUTORELEASING = YES;
				CLANG_WARN_BOOL_CONVERSION = YES;
				CLANG_WARN_COMMA = YES;
				CLANG_WARN_CONSTANT_CONVERSION = YES;
				CLANG_WARN_DEPRECATED_OBJC_IMPLEMENTATIONS = YES;
				CLANG_WARN_EMPTY_BODY = YES;
				CLANG_WARN_ENUM_CONVERSION = YES;
				CLANG_WARN_INFINITE_RECURSION = YES;
				CLANG_WARN_INT_CONVERSION = YES;
				CLANG_WARN_NON_LITERAL_NULL_CONVERSION = YES;
				CLANG_WARN_OBJC_IMPLICIT_RETAIN_SELF = YES;
				CLANG_WARN_OBJC_LITERAL_CONVERSION = YES;
				CLANG_WARN_RANGE_LOOP_ANALYSIS = YES;
				CLANG_WARN_STRICT_PROTOTYPES = YES;
				CLANG_WARN_SUSPICIOUS_MOVE = YES;
				CLANG_WARN_UNREACHABLE_CODE = YES;
				CLANG_WARN__DUPLICATE_METHOD_MATCH = YES;
				ENABLE_STRICT_OBJC_MSGSEND = YES;
				GCC_NO_COMMON_BLOCKS = YES;
				GCC_WARN_64_TO_32_BIT_CONVERSION = YES;
				GCC_WARN_ABOUT_RETURN_TYPE = YES;
				GCC_WARN_UNDECLARED_SELECTOR = YES;
				GCC_WARN_UNINITIALIZED_AUTOS = YES;
				GCC_WARN_UNUSED_FUNCTION = YES;
				GCC_WARN_UNUSED_VARIABLE = YES;
				IPHONEOS_DEPLOYMENT_TARGET = 12.2;
				SDKROOT = iphoneos;
				SWIFT_COMPILATION_MODE = wholemodule;
			};
			name = Release;
		};
		696FE4B2217635D2005C9FDD /* Debug */ = {
			isa = XCBuildConfiguration;
			baseConfigurationReference = 70B9FAC81C5FF8A335FA5053 /* Pods-NetguruCollegeApp.debug.xcconfig */;
			buildSettings = {
				ALWAYS_SEARCH_USER_PATHS = NO;
				CLANG_ENABLE_OBJC_WEAK = YES;
				CODE_SIGN_IDENTITY = "iPhone Developer";
				CODE_SIGN_STYLE = Automatic;
				DEVELOPMENT_TEAM = 9FZZ5HZKNX;
				INFOPLIST_FILE = "$(SRCROOT)/Supporting files/Info.plist";
				IPHONEOS_DEPLOYMENT_TARGET = 11.0;
				LD_RUNPATH_SEARCH_PATHS = (
					"$(inherited)",
					"@executable_path/Frameworks",
					"@loader_path/Frameworks",
				);
				PRODUCT_BUNDLE_IDENTIFIER = co.netguru.netguru.college.app;
				PRODUCT_NAME = NetguruCollegeApp;
				PROVISIONING_PROFILE_SPECIFIER = "";
				SWIFT_VERSION = 4.2;
			};
			name = Debug;
		};
		696FE4B3217635D2005C9FDD /* Release */ = {
			isa = XCBuildConfiguration;
			baseConfigurationReference = B70CCCFD923A49BB70EE7D09 /* Pods-NetguruCollegeApp.release.xcconfig */;
			buildSettings = {
				ALWAYS_SEARCH_USER_PATHS = NO;
				CLANG_ENABLE_OBJC_WEAK = YES;
				CODE_SIGN_IDENTITY = "iPhone Developer";
				CODE_SIGN_STYLE = Automatic;
				DEVELOPMENT_TEAM = 9FZZ5HZKNX;
				INFOPLIST_FILE = "$(SRCROOT)/Supporting files/Info.plist";
				IPHONEOS_DEPLOYMENT_TARGET = 11.0;
				LD_RUNPATH_SEARCH_PATHS = (
					"$(inherited)",
					"@executable_path/Frameworks",
					"@loader_path/Frameworks",
				);
				PRODUCT_BUNDLE_IDENTIFIER = co.netguru.netguru.college.app;
				PRODUCT_NAME = NetguruCollegeApp;
				PROVISIONING_PROFILE_SPECIFIER = "";
				SWIFT_VERSION = 4.2;
			};
			name = Release;
		};
		696FE4B5217635D2005C9FDD /* Debug */ = {
			isa = XCBuildConfiguration;
			buildSettings = {
				CLANG_ENABLE_OBJC_WEAK = YES;
				PRODUCT_NAME = "NetguruCollegeApp Tests";
				SWIFT_VERSION = 5.0;
			};
			name = Debug;
		};
		696FE4B6217635D2005C9FDD /* Release */ = {
			isa = XCBuildConfiguration;
			buildSettings = {
				CLANG_ENABLE_OBJC_WEAK = YES;
				PRODUCT_NAME = "NetguruCollegeApp Tests";
				SWIFT_VERSION = 5.0;
			};
			name = Release;
		};
/* End XCBuildConfiguration section */

/* Begin XCConfigurationList section */
		696FE48F217635CB005C9FDD /* Build configuration list for PBXProject "NetguruCollegeApp" */ = {
			isa = XCConfigurationList;
			buildConfigurations = (
				696FE4AF217635D2005C9FDD /* Debug */,
				696FE4B0217635D2005C9FDD /* Release */,
			);
			defaultConfigurationIsVisible = 0;
			defaultConfigurationName = Release;
		};
		696FE4B1217635D2005C9FDD /* Build configuration list for PBXNativeTarget "NetguruCollegeApp" */ = {
			isa = XCConfigurationList;
			buildConfigurations = (
				696FE4B2217635D2005C9FDD /* Debug */,
				696FE4B3217635D2005C9FDD /* Release */,
			);
			defaultConfigurationIsVisible = 0;
			defaultConfigurationName = Release;
		};
		696FE4B4217635D2005C9FDD /* Build configuration list for PBXNativeTarget "NetguruCollegeAppTests" */ = {
			isa = XCConfigurationList;
			buildConfigurations = (
				696FE4B5217635D2005C9FDD /* Debug */,
				696FE4B6217635D2005C9FDD /* Release */,
			);
			defaultConfigurationIsVisible = 0;
			defaultConfigurationName = Release;
		};
/* End XCConfigurationList section */
	};
	rootObject = 696FE48C217635CB005C9FDD /* Project object */;
}
